
Microsoft Visual Studio Solution File, Format Version 12.00
# Visual Studio Version 16
VisualStudioVersion = 16.0.31321.278
MinimumVisualStudioVersion = 10.0.40219.1
Project("{FAE04EC0-301F-11D3-BF4B-00C04F79EFBC}") = "demoApp", "demoApp\demoApp.csproj", "{0D1EC773-102B-423A-8216-C6A02E1A0CCA}"
EndProject
Global
	GlobalSection(SolutionConfigurationPlatforms) = preSolution
		Debug|Any CPU = Debug|Any CPU
		Release|Any CPU = Release|Any CPU
	EndGlobalSection
	GlobalSection(ProjectConfigurationPlatforms) = postSolution
		{0D1EC773-102B-423A-8216-C6A02E1A0CCA}.Debug|Any CPU.ActiveCfg = Debug|Any CPU
		{0D1EC773-102B-423A-8216-C6A02E1A0CCA}.Debug|Any CPU.Build.0 = Debug|Any CPU
		{0D1EC773-102B-423A-8216-C6A02E1A0CCA}.Release|Any CPU.ActiveCfg = Release|Any CPU
		{0D1EC773-102B-423A-8216-C6A02E1A0CCA}.Release|Any CPU.Build.0 = Release|Any CPU
	EndGlobalSection
	GlobalSection(SolutionProperties) = preSolution
		HideSolutionNode = FALSE
	EndGlobalSection
	GlobalSection(ExtensibilityGlobals) = postSolution
		SolutionGuid = {DB416BCF-E86C-401A-85F3-3840D20A1669}
	EndGlobalSection
EndGlobal
